// !$*UTF8*$!
{
	archiveVersion = 1;
	classes = {
	};
	objectVersion = 52;
	objects = {

/* Begin PBXBuildFile section */
		249BE66F11B47B2700AF41CF /* TiAdmobViewProxy.h in Headers */ = {isa = PBXBuildFile; fileRef = 249BE66D11B47B2700AF41CF /* TiAdmobViewProxy.h */; };
		249BE67011B47B2700AF41CF /* TiAdmobViewProxy.m in Sources */ = {isa = PBXBuildFile; fileRef = 249BE66E11B47B2700AF41CF /* TiAdmobViewProxy.m */; };
		249BE67311B47B3800AF41CF /* TiAdmobView.h in Headers */ = {isa = PBXBuildFile; fileRef = 249BE67111B47B3800AF41CF /* TiAdmobView.h */; };
		249BE67411B47B3800AF41CF /* TiAdmobView.m in Sources */ = {isa = PBXBuildFile; fileRef = 249BE67211B47B3800AF41CF /* TiAdmobView.m */; };
		24DD6CF91134B3F500162E58 /* TiAdmobModule.h in Headers */ = {isa = PBXBuildFile; fileRef = 24DD6CF71134B3F500162E58 /* TiAdmobModule.h */; };
		24DD6CFA1134B3F500162E58 /* TiAdmobModule.m in Sources */ = {isa = PBXBuildFile; fileRef = 24DD6CF81134B3F500162E58 /* TiAdmobModule.m */; };
		3ABFE38D26335E0000887180 /* GoogleMobileAds.xcframework in Frameworks */ = {isa = PBXBuildFile; fileRef = 3ABFE38126335E0000887180 /* GoogleMobileAds.xcframework */; };
		3ABFE38E26335E0000887180 /* nanopb.xcframework in Frameworks */ = {isa = PBXBuildFile; fileRef = 3ABFE38226335E0000887180 /* nanopb.xcframework */; };
		3ABFE38F26335E0000887180 /* PersonalizedAdConsent.framework in Frameworks */ = {isa = PBXBuildFile; fileRef = 3ABFE38326335E0000887180 /* PersonalizedAdConsent.framework */; };
		3ABFE39326335E0000887180 /* PromisesObjC.xcframework in Frameworks */ = {isa = PBXBuildFile; fileRef = 3ABFE38726335E0000887180 /* PromisesObjC.xcframework */; };
		3ABFE39526335E0000887180 /* UserMessagingPlatform.xcframework in Frameworks */ = {isa = PBXBuildFile; fileRef = 3ABFE38926335E0000887180 /* UserMessagingPlatform.xcframework */; };
		3ABFE39626335E0000887180 /* GoogleAppMeasurement.xcframework in Frameworks */ = {isa = PBXBuildFile; fileRef = 3ABFE38A26335E0000887180 /* GoogleAppMeasurement.xcframework */; };
		3ABFE39726335E0000887180 /* GoogleUtilities.xcframework in Frameworks */ = {isa = PBXBuildFile; fileRef = 3ABFE38B26335E0000887180 /* GoogleUtilities.xcframework */; };
		3AF5B7731C233383002E3DC7 /* TiAdmobTypes.h in Headers */ = {isa = PBXBuildFile; fileRef = 3AF5B7711C233383002E3DC7 /* TiAdmobTypes.h */; };
		5E497DF2263B088C0059081A /* WebKit.framework in Frameworks */ = {isa = PBXBuildFile; fileRef = 5E497DF1263B088C0059081A /* WebKit.framework */; };
		5E497DF4263B08A00059081A /* libz.tbd in Frameworks */ = {isa = PBXBuildFile; fileRef = 5E497DF3263B08A00059081A /* libz.tbd */; };
		5E497DF6263B08BE0059081A /* libsqlite3.0.tbd in Frameworks */ = {isa = PBXBuildFile; fileRef = 5E497DF5263B08BE0059081A /* libsqlite3.0.tbd */; };
		5EFC8F4F263ABC430011A0C2 /* FacebookAdapter.xcframework in Frameworks */ = {isa = PBXBuildFile; fileRef = 5EFC8F4B263ABC430011A0C2 /* FacebookAdapter.xcframework */; };
		5EFC8F50263ABC430011A0C2 /* InMobiSDK.xcframework in Frameworks */ = {isa = PBXBuildFile; fileRef = 5EFC8F4C263ABC430011A0C2 /* InMobiSDK.xcframework */; };
		5EFC8F51263ABC430011A0C2 /* InMobiAdapter.xcframework in Frameworks */ = {isa = PBXBuildFile; fileRef = 5EFC8F4D263ABC430011A0C2 /* InMobiAdapter.xcframework */; };
		5EFC8F52263ABC430011A0C2 /* FBAudienceNetwork.framework in Frameworks */ = {isa = PBXBuildFile; fileRef = 5EFC8F4E263ABC430011A0C2 /* FBAudienceNetwork.framework */; };
		AA747D9F0F9514B9006C5449 /* TiAdmob_Prefix.pch in Headers */ = {isa = PBXBuildFile; fileRef = AA747D9E0F9514B9006C5449 /* TiAdmob_Prefix.pch */; };
/* End PBXBuildFile section */

/* Begin PBXFileReference section */
		249BE66D11B47B2700AF41CF /* TiAdmobViewProxy.h */ = {isa = PBXFileReference; fileEncoding = 4; lastKnownFileType = sourcecode.c.h; name = TiAdmobViewProxy.h; path = Classes/TiAdmobViewProxy.h; sourceTree = "<group>"; };
		249BE66E11B47B2700AF41CF /* TiAdmobViewProxy.m */ = {isa = PBXFileReference; fileEncoding = 4; lastKnownFileType = sourcecode.c.objc; name = TiAdmobViewProxy.m; path = Classes/TiAdmobViewProxy.m; sourceTree = "<group>"; };
		249BE67111B47B3800AF41CF /* TiAdmobView.h */ = {isa = PBXFileReference; fileEncoding = 4; lastKnownFileType = sourcecode.c.h; name = TiAdmobView.h; path = Classes/TiAdmobView.h; sourceTree = "<group>"; };
		249BE67211B47B3800AF41CF /* TiAdmobView.m */ = {isa = PBXFileReference; fileEncoding = 4; lastKnownFileType = sourcecode.c.objc; name = TiAdmobView.m; path = Classes/TiAdmobView.m; sourceTree = "<group>"; };
		24DD6CF71134B3F500162E58 /* TiAdmobModule.h */ = {isa = PBXFileReference; fileEncoding = 4; lastKnownFileType = sourcecode.c.h; name = TiAdmobModule.h; path = Classes/TiAdmobModule.h; sourceTree = "<group>"; };
		24DD6CF81134B3F500162E58 /* TiAdmobModule.m */ = {isa = PBXFileReference; fileEncoding = 4; lastKnownFileType = sourcecode.c.objc; name = TiAdmobModule.m; path = Classes/TiAdmobModule.m; sourceTree = "<group>"; };
		24DD6D1B1134B66800162E58 /* titanium.xcconfig */ = {isa = PBXFileReference; fileEncoding = 4; lastKnownFileType = text.xcconfig; path = titanium.xcconfig; sourceTree = "<group>"; };
		3ABFE38126335E0000887180 /* GoogleMobileAds.xcframework */ = {isa = PBXFileReference; lastKnownFileType = wrapper.xcframework; name = GoogleMobileAds.xcframework; path = platform/GoogleMobileAds.xcframework; sourceTree = "<group>"; };
		3ABFE38226335E0000887180 /* nanopb.xcframework */ = {isa = PBXFileReference; lastKnownFileType = wrapper.xcframework; name = nanopb.xcframework; path = platform/nanopb.xcframework; sourceTree = "<group>"; };
		3ABFE38326335E0000887180 /* PersonalizedAdConsent.framework */ = {isa = PBXFileReference; lastKnownFileType = wrapper.framework; name = PersonalizedAdConsent.framework; path = platform/PersonalizedAdConsent.framework; sourceTree = "<group>"; };
		3ABFE38726335E0000887180 /* PromisesObjC.xcframework */ = {isa = PBXFileReference; lastKnownFileType = wrapper.xcframework; name = PromisesObjC.xcframework; path = platform/PromisesObjC.xcframework; sourceTree = "<group>"; };
		3ABFE38926335E0000887180 /* UserMessagingPlatform.xcframework */ = {isa = PBXFileReference; lastKnownFileType = wrapper.xcframework; name = UserMessagingPlatform.xcframework; path = platform/UserMessagingPlatform.xcframework; sourceTree = "<group>"; };
		3ABFE38A26335E0000887180 /* GoogleAppMeasurement.xcframework */ = {isa = PBXFileReference; lastKnownFileType = wrapper.xcframework; name = GoogleAppMeasurement.xcframework; path = platform/GoogleAppMeasurement.xcframework; sourceTree = "<group>"; };
		3ABFE38B26335E0000887180 /* GoogleUtilities.xcframework */ = {isa = PBXFileReference; lastKnownFileType = wrapper.xcframework; name = GoogleUtilities.xcframework; path = platform/GoogleUtilities.xcframework; sourceTree = "<group>"; };
		3AF5B7711C233383002E3DC7 /* TiAdmobTypes.h */ = {isa = PBXFileReference; fileEncoding = 4; lastKnownFileType = sourcecode.c.h; name = TiAdmobTypes.h; path = Classes/TiAdmobTypes.h; sourceTree = "<group>"; };
		5E497DF1263B088C0059081A /* WebKit.framework */ = {isa = PBXFileReference; lastKnownFileType = wrapper.framework; name = WebKit.framework; path = Platforms/MacOSX.platform/Developer/SDKs/MacOSX11.3.sdk/System/iOSSupport/System/Library/Frameworks/WebKit.framework; sourceTree = DEVELOPER_DIR; };
		5E497DF3263B08A00059081A /* libz.tbd */ = {isa = PBXFileReference; lastKnownFileType = "sourcecode.text-based-dylib-definition"; name = libz.tbd; path = Platforms/MacOSX.platform/Developer/SDKs/MacOSX11.3.sdk/usr/lib/libz.tbd; sourceTree = DEVELOPER_DIR; };
		5E497DF5263B08BE0059081A /* libsqlite3.0.tbd */ = {isa = PBXFileReference; lastKnownFileType = "sourcecode.text-based-dylib-definition"; name = libsqlite3.0.tbd; path = Platforms/MacOSX.platform/Developer/SDKs/MacOSX11.3.sdk/usr/lib/libsqlite3.0.tbd; sourceTree = DEVELOPER_DIR; };
		5EFC8F4B263ABC430011A0C2 /* FacebookAdapter.xcframework */ = {isa = PBXFileReference; lastKnownFileType = wrapper.xcframework; name = FacebookAdapter.xcframework; path = platform/FacebookAdapter.xcframework; sourceTree = "<group>"; };
		5EFC8F4C263ABC430011A0C2 /* InMobiSDK.xcframework */ = {isa = PBXFileReference; lastKnownFileType = wrapper.xcframework; name = InMobiSDK.xcframework; path = platform/InMobiSDK.xcframework; sourceTree = "<group>"; };
		5EFC8F4D263ABC430011A0C2 /* InMobiAdapter.xcframework */ = {isa = PBXFileReference; lastKnownFileType = wrapper.xcframework; name = InMobiAdapter.xcframework; path = platform/InMobiAdapter.xcframework; sourceTree = "<group>"; };
		5EFC8F4E263ABC430011A0C2 /* FBAudienceNetwork.framework */ = {isa = PBXFileReference; lastKnownFileType = wrapper.framework; name = FBAudienceNetwork.framework; path = platform/FBAudienceNetwork.framework; sourceTree = "<group>"; };
		AA747D9E0F9514B9006C5449 /* TiAdmob_Prefix.pch */ = {isa = PBXFileReference; fileEncoding = 4; lastKnownFileType = sourcecode.c.h; path = TiAdmob_Prefix.pch; sourceTree = SOURCE_ROOT; };
		D2AAC07E0554694100DB518D /* libTiAdmob.a */ = {isa = PBXFileReference; explicitFileType = archive.ar; includeInIndex = 0; path = libTiAdmob.a; sourceTree = BUILT_PRODUCTS_DIR; };
/* End PBXFileReference section */

/* Begin PBXFrameworksBuildPhase section */
		D2AAC07C0554694100DB518D /* Frameworks */ = {
			isa = PBXFrameworksBuildPhase;
			buildActionMask = 2147483647;
			files = (
				5E497DF6263B08BE0059081A /* libsqlite3.0.tbd in Frameworks */,
				5E497DF4263B08A00059081A /* libz.tbd in Frameworks */,
				5E497DF2263B088C0059081A /* WebKit.framework in Frameworks */,
				5EFC8F4F263ABC430011A0C2 /* FacebookAdapter.xcframework in Frameworks */,
				5EFC8F50263ABC430011A0C2 /* InMobiSDK.xcframework in Frameworks */,
				5EFC8F51263ABC430011A0C2 /* InMobiAdapter.xcframework in Frameworks */,
				5EFC8F52263ABC430011A0C2 /* FBAudienceNetwork.framework in Frameworks */,
				3ABFE38E26335E0000887180 /* nanopb.xcframework in Frameworks */,
				3ABFE39526335E0000887180 /* UserMessagingPlatform.xcframework in Frameworks */,
				3ABFE38F26335E0000887180 /* PersonalizedAdConsent.framework in Frameworks */,
				3ABFE38D26335E0000887180 /* GoogleMobileAds.xcframework in Frameworks */,
				3ABFE39626335E0000887180 /* GoogleAppMeasurement.xcframework in Frameworks */,
				3ABFE39326335E0000887180 /* PromisesObjC.xcframework in Frameworks */,
				3ABFE39726335E0000887180 /* GoogleUtilities.xcframework in Frameworks */,
			);
			runOnlyForDeploymentPostprocessing = 0;
		};
/* End PBXFrameworksBuildPhase section */

/* Begin PBXGroup section */
		034768DFFF38A50411DB9C8B /* Products */ = {
			isa = PBXGroup;
			children = (
				D2AAC07E0554694100DB518D /* libTiAdmob.a */,
			);
			name = Products;
			sourceTree = "<group>";
		};
		0867D691FE84028FC02AAC07 /* admob */ = {
			isa = PBXGroup;
			children = (
				08FB77AEFE84172EC02AAC07 /* Classes */,
				32C88DFF0371C24200C91783 /* Other Sources */,
				0867D69AFE84028FC02AAC07 /* Frameworks */,
				034768DFFF38A50411DB9C8B /* Products */,
			);
			name = admob;
			sourceTree = "<group>";
		};
		0867D69AFE84028FC02AAC07 /* Frameworks */ = {
			isa = PBXGroup;
			children = (
				5E497DF5263B08BE0059081A /* libsqlite3.0.tbd */,
				5E497DF3263B08A00059081A /* libz.tbd */,
				5E497DF1263B088C0059081A /* WebKit.framework */,
				5EFC8F4B263ABC430011A0C2 /* FacebookAdapter.xcframework */,
				5EFC8F4E263ABC430011A0C2 /* FBAudienceNetwork.framework */,
				5EFC8F4D263ABC430011A0C2 /* InMobiAdapter.xcframework */,
				5EFC8F4C263ABC430011A0C2 /* InMobiSDK.xcframework */,
				3ABFE38A26335E0000887180 /* GoogleAppMeasurement.xcframework */,
				3ABFE38126335E0000887180 /* GoogleMobileAds.xcframework */,
				3ABFE38B26335E0000887180 /* GoogleUtilities.xcframework */,
				3ABFE38226335E0000887180 /* nanopb.xcframework */,
				3ABFE38726335E0000887180 /* PromisesObjC.xcframework */,
				3ABFE38926335E0000887180 /* UserMessagingPlatform.xcframework */,
				3ABFE38326335E0000887180 /* PersonalizedAdConsent.framework */,
			);
			name = Frameworks;
			sourceTree = "<group>";
		};
		08FB77AEFE84172EC02AAC07 /* Classes */ = {
			isa = PBXGroup;
			children = (
				24DD6CF71134B3F500162E58 /* TiAdmobModule.h */,
				24DD6CF81134B3F500162E58 /* TiAdmobModule.m */,
				249BE66D11B47B2700AF41CF /* TiAdmobViewProxy.h */,
				249BE66E11B47B2700AF41CF /* TiAdmobViewProxy.m */,
				249BE67111B47B3800AF41CF /* TiAdmobView.h */,
				249BE67211B47B3800AF41CF /* TiAdmobView.m */,
				3AF5B7711C233383002E3DC7 /* TiAdmobTypes.h */,
			);
			name = Classes;
			sourceTree = "<group>";
		};
		32C88DFF0371C24200C91783 /* Other Sources */ = {
			isa = PBXGroup;
			children = (
				AA747D9E0F9514B9006C5449 /* TiAdmob_Prefix.pch */,
				24DD6D1B1134B66800162E58 /* titanium.xcconfig */,
			);
			name = "Other Sources";
			sourceTree = "<group>";
		};
/* End PBXGroup section */

/* Begin PBXHeadersBuildPhase section */
		D2AAC07A0554694100DB518D /* Headers */ = {
			isa = PBXHeadersBuildPhase;
			buildActionMask = 2147483647;
			files = (
				AA747D9F0F9514B9006C5449 /* TiAdmob_Prefix.pch in Headers */,
				24DD6CF91134B3F500162E58 /* TiAdmobModule.h in Headers */,
				249BE66F11B47B2700AF41CF /* TiAdmobViewProxy.h in Headers */,
				3AF5B7731C233383002E3DC7 /* TiAdmobTypes.h in Headers */,
				249BE67311B47B3800AF41CF /* TiAdmobView.h in Headers */,
			);
			runOnlyForDeploymentPostprocessing = 0;
		};
/* End PBXHeadersBuildPhase section */

/* Begin PBXNativeTarget section */
		D2AAC07D0554694100DB518D /* admob */ = {
			isa = PBXNativeTarget;
			buildConfigurationList = 1DEB921E08733DC00010E9CD /* Build configuration list for PBXNativeTarget "admob" */;
			buildPhases = (
				D2AAC07A0554694100DB518D /* Headers */,
				D2AAC07B0554694100DB518D /* Sources */,
				D2AAC07C0554694100DB518D /* Frameworks */,
			);
			buildRules = (
			);
			dependencies = (
			);
			name = admob;
			productName = admob;
			productReference = D2AAC07E0554694100DB518D /* libTiAdmob.a */;
			productType = "com.apple.product-type.library.static";
		};
/* End PBXNativeTarget section */

/* Begin PBXProject section */
		0867D690FE84028FC02AAC07 /* Project object */ = {
			isa = PBXProject;
			attributes = {
				LastUpgradeCheck = 1240;
			};
			buildConfigurationList = 1DEB922208733DC00010E9CD /* Build configuration list for PBXProject "admob" */;
			compatibilityVersion = "Xcode 3.2";
			developmentRegion = en;
			hasScannedForEncodings = 1;
			knownRegions = (
				en,
				Base,
			);
			mainGroup = 0867D691FE84028FC02AAC07 /* admob */;
			productRefGroup = 034768DFFF38A50411DB9C8B /* Products */;
			projectDirPath = "";
			projectRoot = "";
			targets = (
				D2AAC07D0554694100DB518D /* admob */,
			);
		};
/* End PBXProject section */

/* Begin PBXSourcesBuildPhase section */
		D2AAC07B0554694100DB518D /* Sources */ = {
			isa = PBXSourcesBuildPhase;
			buildActionMask = 2147483647;
			files = (
				24DD6CFA1134B3F500162E58 /* TiAdmobModule.m in Sources */,
				249BE67011B47B2700AF41CF /* TiAdmobViewProxy.m in Sources */,
				249BE67411B47B3800AF41CF /* TiAdmobView.m in Sources */,
			);
			runOnlyForDeploymentPostprocessing = 0;
		};
/* End PBXSourcesBuildPhase section */

/* Begin XCBuildConfiguration section */
		1DEB921F08733DC00010E9CD /* Debug */ = {
			isa = XCBuildConfiguration;
			baseConfigurationReference = 24DD6D1B1134B66800162E58 /* titanium.xcconfig */;
			buildSettings = {
				CLANG_ENABLE_OBJC_WEAK = YES;
				CODE_SIGN_IDENTITY = "iPhone Developer";
				"CODE_SIGN_IDENTITY[sdk=iphoneos*]" = "iPhone Developer";
				DEPLOYMENT_POSTPROCESSING = NO;
				DSTROOT = /tmp/TiAdmob.dst;
				EXCLUDED_ARCHS = i386;
				FRAMEWORK_SEARCH_PATHS = (
					"$(inherited)",
					"$(PROJECT_DIR)/GoogleMobileAdsSdkiOS",
					"$(PROJECT_DIR)/platform/ios",
					"$(PROJECT_DIR)/platform",
				);
				GCC_C_LANGUAGE_STANDARD = c99;
				GCC_OPTIMIZATION_LEVEL = 0;
				GCC_PRECOMPILE_PREFIX_HEADER = YES;
				GCC_PREFIX_HEADER = TiAdmob_Prefix.pch;
				GCC_PREPROCESSOR_DEFINITIONS = "TI_VERSION=$(TI_VERSION)";
				GCC_TREAT_WARNINGS_AS_ERRORS = NO;
				GCC_VERSION = "";
				GCC_WARN_ABOUT_RETURN_TYPE = NO;
				GCC_WARN_MISSING_PARENTHESES = NO;
				GCC_WARN_SHADOW = NO;
				GCC_WARN_STRICT_SELECTOR_MATCH = NO;
				GCC_WARN_UNUSED_FUNCTION = YES;
				GCC_WARN_UNUSED_PARAMETER = NO;
				GCC_WARN_UNUSED_VALUE = NO;
				GCC_WARN_UNUSED_VARIABLE = NO;
				HEADER_SEARCH_PATHS = (
					"$(SRCROOT)/GoogleMobileAdsSdkiOS",
					"$(HEADER_SEARCH_PATHS)",
				);
				INSTALL_PATH = /usr/local/lib;
				LIBRARY_SEARCH_PATHS = (
					"$(inherited)",
					"$(SRCROOT)",
					"$(PROJECT_DIR)/GoogleMobileAdsSdkiOS",
					"$(PROJECT_DIR)/platform",
				);
				OTHER_CFLAGS = (
					"-DDEBUG",
					"-DTI_POST_1_2",
				);
				OTHER_LDFLAGS = "-ObjC";
				PRODUCT_NAME = TiAdmob;
				PROVISIONING_PROFILE = "";
				"PROVISIONING_PROFILE[sdk=iphoneos*]" = "";
				RUN_CLANG_STATIC_ANALYZER = NO;
				SDKROOT = iphoneos;
				USER_HEADER_SEARCH_PATHS = "";
				VALIDATE_WORKSPACE = YES;
			};
			name = Debug;
		};
		1DEB922008733DC00010E9CD /* Release */ = {
			isa = XCBuildConfiguration;
			baseConfigurationReference = 24DD6D1B1134B66800162E58 /* titanium.xcconfig */;
			buildSettings = {
				ALWAYS_SEARCH_USER_PATHS = NO;
				CLANG_ENABLE_OBJC_WEAK = YES;
				DEPLOYMENT_POSTPROCESSING = YES;
				DSTROOT = /tmp/TiAdmob.dst;
				EXCLUDED_ARCHS = i386;
				FRAMEWORK_SEARCH_PATHS = (
					"$(inherited)",
					"$(PROJECT_DIR)/GoogleMobileAdsSdkiOS",
					"$(PROJECT_DIR)/platform/ios",
					"$(PROJECT_DIR)/platform",
				);
				GCC_C_LANGUAGE_STANDARD = c99;
				GCC_MODEL_TUNING = G5;
				GCC_PRECOMPILE_PREFIX_HEADER = YES;
				GCC_PREFIX_HEADER = TiAdmob_Prefix.pch;
				GCC_PREPROCESSOR_DEFINITIONS = "TI_VERSION=$(TI_VERSION)";
				GCC_TREAT_WARNINGS_AS_ERRORS = NO;
				GCC_VERSION = "";
				GCC_WARN_ABOUT_RETURN_TYPE = NO;
				GCC_WARN_MISSING_PARENTHESES = NO;
				GCC_WARN_SHADOW = NO;
				GCC_WARN_STRICT_SELECTOR_MATCH = NO;
				GCC_WARN_UNUSED_FUNCTION = YES;
				GCC_WARN_UNUSED_PARAMETER = NO;
				GCC_WARN_UNUSED_VALUE = NO;
				GCC_WARN_UNUSED_VARIABLE = NO;
				HEADER_SEARCH_PATHS = (
					"$(SRCROOT)/GoogleMobileAdsSdkiOS",
					"$(HEADER_SEARCH_PATHS)",
				);
				INSTALL_PATH = /usr/local/lib;
				IPHONEOS_DEPLOYMENT_TARGET = 6.0;
				LIBRARY_SEARCH_PATHS = (
					"$(inherited)",
					"$(SRCROOT)",
					"$(PROJECT_DIR)/GoogleMobileAdsSdkiOS",
					"$(PROJECT_DIR)/platform",
				);
				ONLY_ACTIVE_ARCH = YES;
				OTHER_CFLAGS = "-DTI_POST_1_2";
				OTHER_LDFLAGS = "-ObjC";
				PRODUCT_NAME = TiAdmob;
				PROVISIONING_PROFILE = "";
				"PROVISIONING_PROFILE[sdk=iphoneos*]" = "";
				RUN_CLANG_STATIC_ANALYZER = NO;
				SDKROOT = iphoneos;
				USER_HEADER_SEARCH_PATHS = "";
				VALIDATE_WORKSPACE = YES;
			};
			name = Release;
		};
		1DEB922308733DC00010E9CD /* Debug */ = {
			isa = XCBuildConfiguration;
			baseConfigurationReference = 24DD6D1B1134B66800162E58 /* titanium.xcconfig */;
			buildSettings = {
				CLANG_ENABLE_MODULES = YES;
				CLANG_WARN_BLOCK_CAPTURE_AUTORELEASING = YES;
				CLANG_WARN_BOOL_CONVERSION = YES;
				CLANG_WARN_COMMA = YES;
				CLANG_WARN_CONSTANT_CONVERSION = YES;
				CLANG_WARN_DEPRECATED_OBJC_IMPLEMENTATIONS = YES;
				CLANG_WARN_EMPTY_BODY = YES;
				CLANG_WARN_ENUM_CONVERSION = YES;
				CLANG_WARN_INFINITE_RECURSION = YES;
				CLANG_WARN_INT_CONVERSION = YES;
				CLANG_WARN_NON_LITERAL_NULL_CONVERSION = YES;
				CLANG_WARN_OBJC_IMPLICIT_RETAIN_SELF = YES;
				CLANG_WARN_OBJC_LITERAL_CONVERSION = YES;
				CLANG_WARN_QUOTED_INCLUDE_IN_FRAMEWORK_HEADER = YES;
				CLANG_WARN_RANGE_LOOP_ANALYSIS = YES;
				CLANG_WARN_STRICT_PROTOTYPES = YES;
				CLANG_WARN_SUSPICIOUS_MOVE = YES;
				CLANG_WARN_UNREACHABLE_CODE = YES;
				CLANG_WARN__DUPLICATE_METHOD_MATCH = YES;
				CODE_SIGN_IDENTITY = "iPhone Developer";
				"CODE_SIGN_IDENTITY[sdk=iphoneos*]" = "iPhone Developer";
				DSTROOT = /tmp/TiAdmob.dst;
				ENABLE_STRICT_OBJC_MSGSEND = YES;
				ENABLE_TESTABILITY = YES;
				EXCLUDED_ARCHS = i386;
				GCC_C_LANGUAGE_STANDARD = c99;
				GCC_NO_COMMON_BLOCKS = YES;
				GCC_OPTIMIZATION_LEVEL = 0;
				GCC_PRECOMPILE_PREFIX_HEADER = YES;
				GCC_PREFIX_HEADER = TiAdmob_Prefix.pch;
				GCC_PREPROCESSOR_DEFINITIONS = "TI_VERSION=$(TI_VERSION)";
				GCC_TREAT_WARNINGS_AS_ERRORS = NO;
				GCC_VERSION = "";
				GCC_WARN_64_TO_32_BIT_CONVERSION = YES;
				GCC_WARN_ABOUT_RETURN_TYPE = NO;
				GCC_WARN_MISSING_PARENTHESES = NO;
				GCC_WARN_SHADOW = NO;
				GCC_WARN_STRICT_SELECTOR_MATCH = NO;
				GCC_WARN_UNDECLARED_SELECTOR = YES;
				GCC_WARN_UNINITIALIZED_AUTOS = YES;
				GCC_WARN_UNUSED_FUNCTION = YES;
				GCC_WARN_UNUSED_PARAMETER = NO;
				GCC_WARN_UNUSED_VALUE = NO;
				GCC_WARN_UNUSED_VARIABLE = NO;
				INSTALL_PATH = /usr/local/lib;
				ONLY_ACTIVE_ARCH = YES;
				OTHER_CFLAGS = (
					"-DDEBUG",
					"-DTI_POST_1_2",
				);
				OTHER_LDFLAGS = "-ObjC";
				PRODUCT_NAME = TiAdmob;
				PROVISIONING_PROFILE = "";
				"PROVISIONING_PROFILE[sdk=iphoneos*]" = "";
				RUN_CLANG_STATIC_ANALYZER = NO;
				SDKROOT = iphoneos;
				USER_HEADER_SEARCH_PATHS = "";
			};
			name = Debug;
		};
		1DEB922408733DC00010E9CD /* Release */ = {
			isa = XCBuildConfiguration;
			baseConfigurationReference = 24DD6D1B1134B66800162E58 /* titanium.xcconfig */;
			buildSettings = {
				ALWAYS_SEARCH_USER_PATHS = NO;
				CLANG_ENABLE_MODULES = YES;
				CLANG_WARN_BLOCK_CAPTURE_AUTORELEASING = YES;
				CLANG_WARN_BOOL_CONVERSION = YES;
				CLANG_WARN_COMMA = YES;
				CLANG_WARN_CONSTANT_CONVERSION = YES;
				CLANG_WARN_DEPRECATED_OBJC_IMPLEMENTATIONS = YES;
				CLANG_WARN_EMPTY_BODY = YES;
				CLANG_WARN_ENUM_CONVERSION = YES;
				CLANG_WARN_INFINITE_RECURSION = YES;
				CLANG_WARN_INT_CONVERSION = YES;
				CLANG_WARN_NON_LITERAL_NULL_CONVERSION = YES;
				CLANG_WARN_OBJC_IMPLICIT_RETAIN_SELF = YES;
				CLANG_WARN_OBJC_LITERAL_CONVERSION = YES;
				CLANG_WARN_QUOTED_INCLUDE_IN_FRAMEWORK_HEADER = YES;
				CLANG_WARN_RANGE_LOOP_ANALYSIS = YES;
				CLANG_WARN_STRICT_PROTOTYPES = YES;
				CLANG_WARN_SUSPICIOUS_MOVE = YES;
				CLANG_WARN_UNREACHABLE_CODE = YES;
				CLANG_WARN__DUPLICATE_METHOD_MATCH = YES;
				DEPLOYMENT_POSTPROCESSING = YES;
				DSTROOT = /tmp/TiAdmob.dst;
				ENABLE_STRICT_OBJC_MSGSEND = YES;
				EXCLUDED_ARCHS = i386;
				GCC_C_LANGUAGE_STANDARD = c99;
				GCC_MODEL_TUNING = G5;
				GCC_NO_COMMON_BLOCKS = YES;
				GCC_PRECOMPILE_PREFIX_HEADER = YES;
				GCC_PREFIX_HEADER = TiAdmob_Prefix.pch;
				GCC_PREPROCESSOR_DEFINITIONS = "TI_VERSION=$(TI_VERSION)";
				GCC_TREAT_WARNINGS_AS_ERRORS = NO;
				GCC_VERSION = "";
				GCC_WARN_64_TO_32_BIT_CONVERSION = YES;
				GCC_WARN_ABOUT_RETURN_TYPE = NO;
				GCC_WARN_MISSING_PARENTHESES = NO;
				GCC_WARN_SHADOW = NO;
				GCC_WARN_STRICT_SELECTOR_MATCH = NO;
				GCC_WARN_UNDECLARED_SELECTOR = YES;
				GCC_WARN_UNINITIALIZED_AUTOS = YES;
				GCC_WARN_UNUSED_FUNCTION = YES;
				GCC_WARN_UNUSED_PARAMETER = NO;
				GCC_WARN_UNUSED_VALUE = NO;
				GCC_WARN_UNUSED_VARIABLE = NO;
				INSTALL_PATH = /usr/local/lib;
				OTHER_CFLAGS = "-DTI_POST_1_2";
				OTHER_LDFLAGS = "-ObjC";
				PRODUCT_NAME = TiAdmob;
				PROVISIONING_PROFILE = "";
				"PROVISIONING_PROFILE[sdk=iphoneos*]" = "";
				RUN_CLANG_STATIC_ANALYZER = NO;
				SDKROOT = iphoneos;
				USER_HEADER_SEARCH_PATHS = "";
			};
			name = Release;
		};
/* End XCBuildConfiguration section */

/* Begin XCConfigurationList section */
		1DEB921E08733DC00010E9CD /* Build configuration list for PBXNativeTarget "admob" */ = {
			isa = XCConfigurationList;
			buildConfigurations = (
				1DEB921F08733DC00010E9CD /* Debug */,
				1DEB922008733DC00010E9CD /* Release */,
			);
			defaultConfigurationIsVisible = 0;
			defaultConfigurationName = Release;
		};
		1DEB922208733DC00010E9CD /* Build configuration list for PBXProject "admob" */ = {
			isa = XCConfigurationList;
			buildConfigurations = (
				1DEB922308733DC00010E9CD /* Debug */,
				1DEB922408733DC00010E9CD /* Release */,
			);
			defaultConfigurationIsVisible = 0;
			defaultConfigurationName = Release;
		};
/* End XCConfigurationList section */
	};
	rootObject = 0867D690FE84028FC02AAC07 /* Project object */;
}
