// !$*UTF8*$!
{
	archiveVersion = 1;
	classes = {
	};
	objectVersion = 46;
	objects = {

/* Begin PBXBuildFile section */
		249BE66F11B47B2700AF41CF /* TiAdmobViewProxy.h in Headers */ = {isa = PBXBuildFile; fileRef = 249BE66D11B47B2700AF41CF /* TiAdmobViewProxy.h */; };
		249BE67011B47B2700AF41CF /* TiAdmobViewProxy.m in Sources */ = {isa = PBXBuildFile; fileRef = 249BE66E11B47B2700AF41CF /* TiAdmobViewProxy.m */; };
		249BE67311B47B3800AF41CF /* TiAdmobView.h in Headers */ = {isa = PBXBuildFile; fileRef = 249BE67111B47B3800AF41CF /* TiAdmobView.h */; };
		249BE67411B47B3800AF41CF /* TiAdmobView.m in Sources */ = {isa = PBXBuildFile; fileRef = 249BE67211B47B3800AF41CF /* TiAdmobView.m */; };
		24DD6CF91134B3F500162E58 /* TiAdmobModule.h in Headers */ = {isa = PBXBuildFile; fileRef = 24DD6CF71134B3F500162E58 /* TiAdmobModule.h */; };
		24DD6CFA1134B3F500162E58 /* TiAdmobModule.m in Sources */ = {isa = PBXBuildFile; fileRef = 24DD6CF81134B3F500162E58 /* TiAdmobModule.m */; };
		3A4F268F1C68DDF7003E06CF /* iAd.framework in Frameworks */ = {isa = PBXBuildFile; fileRef = 3A4F268E1C68DDF7003E06CF /* iAd.framework */; };
		3AC840121C60A7F3002A52E3 /* libAdapterIAd.a in Frameworks */ = {isa = PBXBuildFile; fileRef = 3AC840101C60A7E1002A52E3 /* libAdapterIAd.a */; };
		3AEA89BF1C5F727300FBA64B /* GoogleMobileAds.framework in Frameworks */ = {isa = PBXBuildFile; fileRef = 3AEA89BD1C5F71A100FBA64B /* GoogleMobileAds.framework */; };
		3AF5B7731C233383002E3DC7 /* TiAdmobTypes.h in Headers */ = {isa = PBXBuildFile; fileRef = 3AF5B7711C233383002E3DC7 /* TiAdmobTypes.h */; };
		AA747D9F0F9514B9006C5449 /* TiAdmob_Prefix.pch in Headers */ = {isa = PBXBuildFile; fileRef = AA747D9E0F9514B9006C5449 /* TiAdmob_Prefix.pch */; };
		AACBBE4A0F95108600F1A2B1 /* Foundation.framework in Frameworks */ = {isa = PBXBuildFile; fileRef = AACBBE490F95108600F1A2B1 /* Foundation.framework */; };
		CE6C17A01982D1170017C788 /* AdSupport.framework in Frameworks */ = {isa = PBXBuildFile; fileRef = CE6C179F1982D1170017C788 /* AdSupport.framework */; };
		CE6C17A21982D12D0017C788 /* AVFoundation.framework in Frameworks */ = {isa = PBXBuildFile; fileRef = CE6C17A11982D12D0017C788 /* AVFoundation.framework */; };
		CE6C17A41982D13A0017C788 /* CoreGraphics.framework in Frameworks */ = {isa = PBXBuildFile; fileRef = CE6C17A31982D13A0017C788 /* CoreGraphics.framework */; };
		CE6C17A61982D1660017C788 /* CoreTelephony.framework in Frameworks */ = {isa = PBXBuildFile; fileRef = CE6C17A51982D1660017C788 /* CoreTelephony.framework */; };
		CE6C17A81982D1780017C788 /* StoreKit.framework in Frameworks */ = {isa = PBXBuildFile; fileRef = CE6C17A71982D1780017C788 /* StoreKit.framework */; };
		CE6C17AA1982D1870017C788 /* SystemConfiguration.framework in Frameworks */ = {isa = PBXBuildFile; fileRef = CE6C17A91982D1870017C788 /* SystemConfiguration.framework */; };
		DAD5D7CF12527E11009CF986 /* AudioToolbox.framework in Frameworks */ = {isa = PBXBuildFile; fileRef = DAD5D7CE12527E11009CF986 /* AudioToolbox.framework */; };
		DAD5D7D512527E2F009CF986 /* MessageUI.framework in Frameworks */ = {isa = PBXBuildFile; fileRef = DAD5D7D412527E2F009CF986 /* MessageUI.framework */; };
		DB07E8B81E8010000008C1E1 /* CoreMedia.framework in Frameworks */ = {isa = PBXBuildFile; fileRef = DB07E8B61E8010000008C1E1 /* CoreMedia.framework */; };
		DB07E8B91E8010000008C1E1 /* CoreMotion.framework in Frameworks */ = {isa = PBXBuildFile; fileRef = DB07E8B71E8010000008C1E1 /* CoreMotion.framework */; };
		DB07E8BB1E80100D0008C1E1 /* CoreVideo.framework in Frameworks */ = {isa = PBXBuildFile; fileRef = DB07E8BA1E80100D0008C1E1 /* CoreVideo.framework */; };
		DB07E8BD1E80101A0008C1E1 /* GLKit.framework in Frameworks */ = {isa = PBXBuildFile; fileRef = DB07E8BC1E80101A0008C1E1 /* GLKit.framework */; };
		DB07E8BF1E80101F0008C1E1 /* JavaScriptCore.framework in Frameworks */ = {isa = PBXBuildFile; fileRef = DB07E8BE1E80101F0008C1E1 /* JavaScriptCore.framework */; };
		DB07E8C01E80103C0008C1E1 /* MediaPlayer.framework in Frameworks */ = {isa = PBXBuildFile; fileRef = DAD5D7D112527E1A009CF986 /* MediaPlayer.framework */; };
		DB07E8C21E80104D0008C1E1 /* MobileCoreServices.framework in Frameworks */ = {isa = PBXBuildFile; fileRef = DB07E8C11E80104D0008C1E1 /* MobileCoreServices.framework */; };
		DB07E8C41E8010560008C1E1 /* OpenGLES.framework in Frameworks */ = {isa = PBXBuildFile; fileRef = DB07E8C31E8010560008C1E1 /* OpenGLES.framework */; };
		DB07E8C61E8010680008C1E1 /* SafariServices.framework in Frameworks */ = {isa = PBXBuildFile; fileRef = DB07E8C51E8010680008C1E1 /* SafariServices.framework */; };
/* End PBXBuildFile section */

/* Begin PBXFileReference section */
		249BE66D11B47B2700AF41CF /* TiAdmobViewProxy.h */ = {isa = PBXFileReference; fileEncoding = 4; lastKnownFileType = sourcecode.c.h; name = TiAdmobViewProxy.h; path = Classes/TiAdmobViewProxy.h; sourceTree = "<group>"; };
		249BE66E11B47B2700AF41CF /* TiAdmobViewProxy.m */ = {isa = PBXFileReference; fileEncoding = 4; lastKnownFileType = sourcecode.c.objc; name = TiAdmobViewProxy.m; path = Classes/TiAdmobViewProxy.m; sourceTree = "<group>"; };
		249BE67111B47B3800AF41CF /* TiAdmobView.h */ = {isa = PBXFileReference; fileEncoding = 4; lastKnownFileType = sourcecode.c.h; name = TiAdmobView.h; path = Classes/TiAdmobView.h; sourceTree = "<group>"; };
		249BE67211B47B3800AF41CF /* TiAdmobView.m */ = {isa = PBXFileReference; fileEncoding = 4; lastKnownFileType = sourcecode.c.objc; name = TiAdmobView.m; path = Classes/TiAdmobView.m; sourceTree = "<group>"; };
		24DD6CF71134B3F500162E58 /* TiAdmobModule.h */ = {isa = PBXFileReference; fileEncoding = 4; lastKnownFileType = sourcecode.c.h; name = TiAdmobModule.h; path = Classes/TiAdmobModule.h; sourceTree = "<group>"; };
		24DD6CF81134B3F500162E58 /* TiAdmobModule.m */ = {isa = PBXFileReference; fileEncoding = 4; lastKnownFileType = sourcecode.c.objc; name = TiAdmobModule.m; path = Classes/TiAdmobModule.m; sourceTree = "<group>"; };
		24DD6D1B1134B66800162E58 /* titanium.xcconfig */ = {isa = PBXFileReference; fileEncoding = 4; lastKnownFileType = text.xcconfig; path = titanium.xcconfig; sourceTree = "<group>"; };
		3A4F268E1C68DDF7003E06CF /* iAd.framework */ = {isa = PBXFileReference; lastKnownFileType = wrapper.framework; name = iAd.framework; path = System/Library/Frameworks/iAd.framework; sourceTree = SDKROOT; };
		3AC840101C60A7E1002A52E3 /* libAdapterIAd.a */ = {isa = PBXFileReference; lastKnownFileType = archive.ar; name = libAdapterIAd.a; path = platform/libAdapterIAd.a; sourceTree = "<group>"; };
		3AEA89BD1C5F71A100FBA64B /* GoogleMobileAds.framework */ = {isa = PBXFileReference; lastKnownFileType = wrapper.framework; name = GoogleMobileAds.framework; path = platform/GoogleMobileAds.framework; sourceTree = SOURCE_ROOT; };
		3AF5B7711C233383002E3DC7 /* TiAdmobTypes.h */ = {isa = PBXFileReference; fileEncoding = 4; lastKnownFileType = sourcecode.c.h; name = TiAdmobTypes.h; path = Classes/TiAdmobTypes.h; sourceTree = "<group>"; };
		AA747D9E0F9514B9006C5449 /* TiAdmob_Prefix.pch */ = {isa = PBXFileReference; fileEncoding = 4; lastKnownFileType = sourcecode.c.h; path = TiAdmob_Prefix.pch; sourceTree = SOURCE_ROOT; };
		AACBBE490F95108600F1A2B1 /* Foundation.framework */ = {isa = PBXFileReference; lastKnownFileType = wrapper.framework; name = Foundation.framework; path = System/Library/Frameworks/Foundation.framework; sourceTree = SDKROOT; };
		CE6C179F1982D1170017C788 /* AdSupport.framework */ = {isa = PBXFileReference; lastKnownFileType = wrapper.framework; name = AdSupport.framework; path = System/Library/Frameworks/AdSupport.framework; sourceTree = SDKROOT; };
		CE6C17A11982D12D0017C788 /* AVFoundation.framework */ = {isa = PBXFileReference; lastKnownFileType = wrapper.framework; name = AVFoundation.framework; path = System/Library/Frameworks/AVFoundation.framework; sourceTree = SDKROOT; };
		CE6C17A31982D13A0017C788 /* CoreGraphics.framework */ = {isa = PBXFileReference; lastKnownFileType = wrapper.framework; name = CoreGraphics.framework; path = System/Library/Frameworks/CoreGraphics.framework; sourceTree = SDKROOT; };
		CE6C17A51982D1660017C788 /* CoreTelephony.framework */ = {isa = PBXFileReference; lastKnownFileType = wrapper.framework; name = CoreTelephony.framework; path = System/Library/Frameworks/CoreTelephony.framework; sourceTree = SDKROOT; };
		CE6C17A71982D1780017C788 /* StoreKit.framework */ = {isa = PBXFileReference; lastKnownFileType = wrapper.framework; name = StoreKit.framework; path = System/Library/Frameworks/StoreKit.framework; sourceTree = SDKROOT; };
		CE6C17A91982D1870017C788 /* SystemConfiguration.framework */ = {isa = PBXFileReference; lastKnownFileType = wrapper.framework; name = SystemConfiguration.framework; path = System/Library/Frameworks/SystemConfiguration.framework; sourceTree = SDKROOT; };
		D2AAC07E0554694100DB518D /* libTiAdmob.a */ = {isa = PBXFileReference; explicitFileType = archive.ar; includeInIndex = 0; path = libTiAdmob.a; sourceTree = BUILT_PRODUCTS_DIR; };
		DAD5D7CE12527E11009CF986 /* AudioToolbox.framework */ = {isa = PBXFileReference; lastKnownFileType = wrapper.framework; name = AudioToolbox.framework; path = System/Library/Frameworks/AudioToolbox.framework; sourceTree = SDKROOT; };
		DAD5D7D112527E1A009CF986 /* MediaPlayer.framework */ = {isa = PBXFileReference; lastKnownFileType = wrapper.framework; name = MediaPlayer.framework; path = System/Library/Frameworks/MediaPlayer.framework; sourceTree = SDKROOT; };
		DAD5D7D412527E2F009CF986 /* MessageUI.framework */ = {isa = PBXFileReference; lastKnownFileType = wrapper.framework; name = MessageUI.framework; path = System/Library/Frameworks/MessageUI.framework; sourceTree = SDKROOT; };
		DB07E8B61E8010000008C1E1 /* CoreMedia.framework */ = {isa = PBXFileReference; lastKnownFileType = wrapper.framework; name = CoreMedia.framework; path = System/Library/Frameworks/CoreMedia.framework; sourceTree = SDKROOT; };
		DB07E8B71E8010000008C1E1 /* CoreMotion.framework */ = {isa = PBXFileReference; lastKnownFileType = wrapper.framework; name = CoreMotion.framework; path = System/Library/Frameworks/CoreMotion.framework; sourceTree = SDKROOT; };
		DB07E8BA1E80100D0008C1E1 /* CoreVideo.framework */ = {isa = PBXFileReference; lastKnownFileType = wrapper.framework; name = CoreVideo.framework; path = System/Library/Frameworks/CoreVideo.framework; sourceTree = SDKROOT; };
		DB07E8BC1E80101A0008C1E1 /* GLKit.framework */ = {isa = PBXFileReference; lastKnownFileType = wrapper.framework; name = GLKit.framework; path = System/Library/Frameworks/GLKit.framework; sourceTree = SDKROOT; };
		DB07E8BE1E80101F0008C1E1 /* JavaScriptCore.framework */ = {isa = PBXFileReference; lastKnownFileType = wrapper.framework; name = JavaScriptCore.framework; path = System/Library/Frameworks/JavaScriptCore.framework; sourceTree = SDKROOT; };
		DB07E8C11E80104D0008C1E1 /* MobileCoreServices.framework */ = {isa = PBXFileReference; lastKnownFileType = wrapper.framework; name = MobileCoreServices.framework; path = System/Library/Frameworks/MobileCoreServices.framework; sourceTree = SDKROOT; };
		DB07E8C31E8010560008C1E1 /* OpenGLES.framework */ = {isa = PBXFileReference; lastKnownFileType = wrapper.framework; name = OpenGLES.framework; path = System/Library/Frameworks/OpenGLES.framework; sourceTree = SDKROOT; };
		DB07E8C51E8010680008C1E1 /* SafariServices.framework */ = {isa = PBXFileReference; lastKnownFileType = wrapper.framework; name = SafariServices.framework; path = System/Library/Frameworks/SafariServices.framework; sourceTree = SDKROOT; };
/* End PBXFileReference section */

/* Begin PBXFrameworksBuildPhase section */
		D2AAC07C0554694100DB518D /* Frameworks */ = {
			isa = PBXFrameworksBuildPhase;
			buildActionMask = 2147483647;
			files = (
				3A4F268F1C68DDF7003E06CF /* iAd.framework in Frameworks */,
				3AC840121C60A7F3002A52E3 /* libAdapterIAd.a in Frameworks */,
				CE6C17A01982D1170017C788 /* AdSupport.framework in Frameworks */,
				DAD5D7CF12527E11009CF986 /* AudioToolbox.framework in Frameworks */,
				CE6C17A21982D12D0017C788 /* AVFoundation.framework in Frameworks */,
				5E43BA371A7906590075781C /* libGoogleAdMobAds.a in Frameworks */,
				CE6C17A41982D13A0017C788 /* CoreGraphics.framework in Frameworks */,
				DB07E8B81E8010000008C1E1 /* CoreMedia.framework in Frameworks */,
				DB07E8B91E8010000008C1E1 /* CoreMotion.framework in Frameworks */,
				CE6C17A61982D1660017C788 /* CoreTelephony.framework in Frameworks */,
				DB07E8BB1E80100D0008C1E1 /* CoreVideo.framework in Frameworks */,
				AACBBE4A0F95108600F1A2B1 /* Foundation.framework in Frameworks */,
				DB07E8BD1E80101A0008C1E1 /* GLKit.framework in Frameworks */,
				DB07E8BF1E80101F0008C1E1 /* JavaScriptCore.framework in Frameworks */,
				DB07E8C01E80103C0008C1E1 /* MediaPlayer.framework in Frameworks */,
				DAD5D7D512527E2F009CF986 /* MessageUI.framework in Frameworks */,
				DB07E8C21E80104D0008C1E1 /* MobileCoreServices.framework in Frameworks */,
				DB07E8C41E8010560008C1E1 /* OpenGLES.framework in Frameworks */,
				DB07E8C61E8010680008C1E1 /* SafariServices.framework in Frameworks */,
				CE6C17A81982D1780017C788 /* StoreKit.framework in Frameworks */,
				CE6C17AA1982D1870017C788 /* SystemConfiguration.framework in Frameworks */,
				3AEA89BF1C5F727300FBA64B /* GoogleMobileAds.framework in Frameworks */,
			);
			runOnlyForDeploymentPostprocessing = 0;
		};
/* End PBXFrameworksBuildPhase section */

/* Begin PBXGroup section */
		034768DFFF38A50411DB9C8B /* Products */ = {
			isa = PBXGroup;
			children = (
				D2AAC07E0554694100DB518D /* libTiAdmob.a */,
			);
			name = Products;
			sourceTree = "<group>";
		};
		0867D691FE84028FC02AAC07 /* admob */ = {
			isa = PBXGroup;
			children = (
				08FB77AEFE84172EC02AAC07 /* Classes */,
				32C88DFF0371C24200C91783 /* Other Sources */,
				0867D69AFE84028FC02AAC07 /* Frameworks */,
				034768DFFF38A50411DB9C8B /* Products */,
			);
			name = admob;
			sourceTree = "<group>";
		};
		0867D69AFE84028FC02AAC07 /* Frameworks */ = {
			isa = PBXGroup;
			children = (
				DB07E8C51E8010680008C1E1 /* SafariServices.framework */,
				DB07E8C31E8010560008C1E1 /* OpenGLES.framework */,
				DB07E8C11E80104D0008C1E1 /* MobileCoreServices.framework */,
				DB07E8BE1E80101F0008C1E1 /* JavaScriptCore.framework */,
				DB07E8BC1E80101A0008C1E1 /* GLKit.framework */,
				DB07E8BA1E80100D0008C1E1 /* CoreVideo.framework */,
				DB07E8B61E8010000008C1E1 /* CoreMedia.framework */,
				DB07E8B71E8010000008C1E1 /* CoreMotion.framework */,
				3A4F268E1C68DDF7003E06CF /* iAd.framework */,
				3AC8400F1C60A67D002A52E3 /* iAd Adapter */,
				CE6C17AB1982D1C90017C788 /* AdMob iOS SDK */,
				CE6C17A91982D1870017C788 /* SystemConfiguration.framework */,
				CE6C17A71982D1780017C788 /* StoreKit.framework */,
				CE6C17A51982D1660017C788 /* CoreTelephony.framework */,
				CE6C17A31982D13A0017C788 /* CoreGraphics.framework */,
				CE6C17A11982D12D0017C788 /* AVFoundation.framework */,
				CE6C179F1982D1170017C788 /* AdSupport.framework */,
				AACBBE490F95108600F1A2B1 /* Foundation.framework */,
				DAD5D7CE12527E11009CF986 /* AudioToolbox.framework */,
				DAD5D7D112527E1A009CF986 /* MediaPlayer.framework */,
				DAD5D7D412527E2F009CF986 /* MessageUI.framework */,
			);
			name = Frameworks;
			sourceTree = "<group>";
		};
		08FB77AEFE84172EC02AAC07 /* Classes */ = {
			isa = PBXGroup;
			children = (
				24DD6CF71134B3F500162E58 /* TiAdmobModule.h */,
				24DD6CF81134B3F500162E58 /* TiAdmobModule.m */,
				249BE66D11B47B2700AF41CF /* TiAdmobViewProxy.h */,
				249BE66E11B47B2700AF41CF /* TiAdmobViewProxy.m */,
				249BE67111B47B3800AF41CF /* TiAdmobView.h */,
				249BE67211B47B3800AF41CF /* TiAdmobView.m */,
				3AF5B7711C233383002E3DC7 /* TiAdmobTypes.h */,
			);
			name = Classes;
			sourceTree = "<group>";
		};
		32C88DFF0371C24200C91783 /* Other Sources */ = {
			isa = PBXGroup;
			children = (
				AA747D9E0F9514B9006C5449 /* TiAdmob_Prefix.pch */,
				24DD6D1B1134B66800162E58 /* titanium.xcconfig */,
			);
			name = "Other Sources";
			sourceTree = "<group>";
		};
		3AC8400F1C60A67D002A52E3 /* iAd Adapter */ = {
			isa = PBXGroup;
			children = (
				3AC840101C60A7E1002A52E3 /* libAdapterIAd.a */,
			);
			name = "iAd Adapter";
			sourceTree = "<group>";
		};
		CE6C17AB1982D1C90017C788 /* AdMob iOS SDK */ = {
			isa = PBXGroup;
			children = (
				3AEA89BD1C5F71A100FBA64B /* GoogleMobileAds.framework */,
			);
			name = "AdMob iOS SDK";
			path = GoogleMobileAdsSdkiOS;
			sourceTree = "<group>";
		};
		5E43B9FB1A7906580075781C /* Add-ons */ = {
			isa = PBXGroup;
			children = (
				5E43B9FC1A7906580075781C /* DoubleClick */,
				5E43BA041A7906580075781C /* Mediation */,
				5E43BA0B1A7906580075781C /* Search */,
			);
			path = "Add-ons";
			sourceTree = "<group>";
		};
		5E43B9FC1A7906580075781C /* DoubleClick */ = {
			isa = PBXGroup;
			children = (
				5E43B9FD1A7906580075781C /* DFPBannerView.h */,
				5E43B9FE1A7906580075781C /* DFPExtras.h */,
				5E43B9FF1A7906580075781C /* DFPInterstitial.h */,
				5E43BA001A7906580075781C /* DFPSwipeableBannerView.h */,
				5E43BA011A7906580075781C /* GADAdSizeDelegate.h */,
				5E43BA021A7906580075781C /* GADAppEventDelegate.h */,
				5E43BA031A7906580075781C /* GADSwipeableBannerViewDelegate.h */,
			);
			path = DoubleClick;
			sourceTree = "<group>";
		};
		5E43BA041A7906580075781C /* Mediation */ = {
			isa = PBXGroup;
			children = (
				5E43BA051A7906580075781C /* GADCustomEventBanner.h */,
				5E43BA061A7906580075781C /* GADCustomEventBannerDelegate.h */,
				5E43BA071A7906580075781C /* GADCustomEventExtras.h */,
				5E43BA081A7906580075781C /* GADCustomEventInterstitial.h */,
				5E43BA091A7906580075781C /* GADCustomEventInterstitialDelegate.h */,
				5E43BA0A1A7906580075781C /* GADCustomEventRequest.h */,
			);
			path = Mediation;
			sourceTree = "<group>";
		};
		5E43BA0B1A7906580075781C /* Search */ = {
			isa = PBXGroup;
			children = (
				5E43BA0C1A7906580075781C /* GADSearchBannerView.h */,
				5E43BA0D1A7906580075781C /* GADSearchRequest.h */,
			);
			path = Search;
			sourceTree = "<group>";
		};
/* End PBXGroup section */

/* Begin PBXHeadersBuildPhase section */
		D2AAC07A0554694100DB518D /* Headers */ = {
			isa = PBXHeadersBuildPhase;
			buildActionMask = 2147483647;
			files = (
				AA747D9F0F9514B9006C5449 /* TiAdmob_Prefix.pch in Headers */,
				24DD6CF91134B3F500162E58 /* TiAdmobModule.h in Headers */,
				249BE66F11B47B2700AF41CF /* TiAdmobViewProxy.h in Headers */,
				3AF5B7731C233383002E3DC7 /* TiAdmobTypes.h in Headers */,
				249BE67311B47B3800AF41CF /* TiAdmobView.h in Headers */,
			);
			runOnlyForDeploymentPostprocessing = 0;
		};
/* End PBXHeadersBuildPhase section */

/* Begin PBXNativeTarget section */
		D2AAC07D0554694100DB518D /* admob */ = {
			isa = PBXNativeTarget;
			buildConfigurationList = 1DEB921E08733DC00010E9CD /* Build configuration list for PBXNativeTarget "admob" */;
			buildPhases = (
				D2AAC07A0554694100DB518D /* Headers */,
				D2AAC07B0554694100DB518D /* Sources */,
				D2AAC07C0554694100DB518D /* Frameworks */,
			);
			buildRules = (
			);
			dependencies = (
			);
			name = admob;
			productName = admob;
			productReference = D2AAC07E0554694100DB518D /* libTiAdmob.a */;
			productType = "com.apple.product-type.library.static";
		};
/* End PBXNativeTarget section */

/* Begin PBXProject section */
		0867D690FE84028FC02AAC07 /* Project object */ = {
			isa = PBXProject;
			attributes = {
				LastUpgradeCheck = 0720;
			};
			buildConfigurationList = 1DEB922208733DC00010E9CD /* Build configuration list for PBXProject "admob" */;
			compatibilityVersion = "Xcode 3.2";
			developmentRegion = English;
			hasScannedForEncodings = 1;
			knownRegions = (
				en,
			);
			mainGroup = 0867D691FE84028FC02AAC07 /* admob */;
			productRefGroup = 034768DFFF38A50411DB9C8B /* Products */;
			projectDirPath = "";
			projectRoot = "";
			targets = (
				D2AAC07D0554694100DB518D /* admob */,
			);
		};
/* End PBXProject section */

/* Begin PBXSourcesBuildPhase section */
		D2AAC07B0554694100DB518D /* Sources */ = {
			isa = PBXSourcesBuildPhase;
			buildActionMask = 2147483647;
			files = (
				24DD6CFA1134B3F500162E58 /* TiAdmobModule.m in Sources */,
				249BE67011B47B2700AF41CF /* TiAdmobViewProxy.m in Sources */,
				249BE67411B47B3800AF41CF /* TiAdmobView.m in Sources */,
			);
			runOnlyForDeploymentPostprocessing = 0;
		};
/* End PBXSourcesBuildPhase section */

/* Begin XCBuildConfiguration section */
		1DEB921F08733DC00010E9CD /* Debug */ = {
			isa = XCBuildConfiguration;
			baseConfigurationReference = 24DD6D1B1134B66800162E58 /* titanium.xcconfig */;
			buildSettings = {
				CODE_SIGN_IDENTITY = "iPhone Developer";
				"CODE_SIGN_IDENTITY[sdk=iphoneos*]" = "iPhone Developer";
				DSTROOT = /tmp/TiAdmob.dst;
				FRAMEWORK_SEARCH_PATHS = (
					"$(inherited)",
					"$(PROJECT_DIR)/GoogleMobileAdsSdkiOS",
					"$(PROJECT_DIR)/platform/ios",
					"$(PROJECT_DIR)/platform",
				);
				GCC_C_LANGUAGE_STANDARD = c99;
				GCC_OPTIMIZATION_LEVEL = 0;
				GCC_PRECOMPILE_PREFIX_HEADER = YES;
				GCC_PREFIX_HEADER = TiAdmob_Prefix.pch;
				GCC_PREPROCESSOR_DEFINITIONS = "TI_VERSION=$(TI_VERSION)";
				GCC_TREAT_WARNINGS_AS_ERRORS = NO;
				GCC_VERSION = "";
				GCC_WARN_ABOUT_RETURN_TYPE = NO;
				GCC_WARN_MISSING_PARENTHESES = NO;
				GCC_WARN_SHADOW = NO;
				GCC_WARN_STRICT_SELECTOR_MATCH = NO;
				GCC_WARN_UNUSED_FUNCTION = YES;
				GCC_WARN_UNUSED_PARAMETER = NO;
				GCC_WARN_UNUSED_VALUE = NO;
				GCC_WARN_UNUSED_VARIABLE = NO;
				HEADER_SEARCH_PATHS = (
					"$(TITANIUM_BASE_SDK)",
					"$(TITANIUM_BASE_SDK2)",
					"~$(TITANIUM_BASE_SDK)",
					"~$(TITANIUM_BASE_SDK2)",
					"$(SRCROOT)/GoogleMobileAdsSdkiOS",
				);
				INSTALL_PATH = /usr/local/lib;
				LIBRARY_SEARCH_PATHS = (
					"$(inherited)",
					"$(SRCROOT)",
					"$(PROJECT_DIR)/GoogleMobileAdsSdkiOS",
					"$(PROJECT_DIR)/platform",
				);
				OTHER_CFLAGS = (
					"-DDEBUG",
					"-DTI_POST_1_2",
				);
				OTHER_LDFLAGS = "-ObjC";
				PRODUCT_NAME = TiAdmob;
				PROVISIONING_PROFILE = "";
				"PROVISIONING_PROFILE[sdk=iphoneos*]" = "";
				RUN_CLANG_STATIC_ANALYZER = NO;
				SDKROOT = iphoneos;
				USER_HEADER_SEARCH_PATHS = "";
			};
			name = Debug;
		};
		1DEB922008733DC00010E9CD /* Release */ = {
			isa = XCBuildConfiguration;
			baseConfigurationReference = 24DD6D1B1134B66800162E58 /* titanium.xcconfig */;
			buildSettings = {
				ALWAYS_SEARCH_USER_PATHS = NO;
				DSTROOT = /tmp/TiAdmob.dst;
				FRAMEWORK_SEARCH_PATHS = (
					"$(inherited)",
					"$(PROJECT_DIR)/GoogleMobileAdsSdkiOS",
					"$(PROJECT_DIR)/platform/ios",
					"$(PROJECT_DIR)/platform",
				);
				GCC_C_LANGUAGE_STANDARD = c99;
				GCC_MODEL_TUNING = G5;
				GCC_PRECOMPILE_PREFIX_HEADER = YES;
				GCC_PREFIX_HEADER = TiAdmob_Prefix.pch;
				GCC_PREPROCESSOR_DEFINITIONS = "TI_VERSION=$(TI_VERSION)";
				GCC_TREAT_WARNINGS_AS_ERRORS = NO;
				GCC_VERSION = "";
				GCC_WARN_ABOUT_RETURN_TYPE = NO;
				GCC_WARN_MISSING_PARENTHESES = NO;
				GCC_WARN_SHADOW = NO;
				GCC_WARN_STRICT_SELECTOR_MATCH = NO;
				GCC_WARN_UNUSED_FUNCTION = YES;
				GCC_WARN_UNUSED_PARAMETER = NO;
				GCC_WARN_UNUSED_VALUE = NO;
				GCC_WARN_UNUSED_VARIABLE = NO;
				HEADER_SEARCH_PATHS = (
					"$(TITANIUM_BASE_SDK)",
					"$(TITANIUM_BASE_SDK2)",
					"~$(TITANIUM_BASE_SDK)",
					"~$(TITANIUM_BASE_SDK2)",
					"$(SRCROOT)/GoogleMobileAdsSdkiOS",
				);
				INSTALL_PATH = /usr/local/lib;
				IPHONEOS_DEPLOYMENT_TARGET = 6.0;
				LIBRARY_SEARCH_PATHS = (
					"$(inherited)",
					"$(SRCROOT)",
					"$(PROJECT_DIR)/GoogleMobileAdsSdkiOS",
					"$(PROJECT_DIR)/platform",
				);
				OTHER_CFLAGS = "-DTI_POST_1_2";
				OTHER_LDFLAGS = "-ObjC";
				PRODUCT_NAME = TiAdmob;
				PROVISIONING_PROFILE = "";
				"PROVISIONING_PROFILE[sdk=iphoneos*]" = "";
				RUN_CLANG_STATIC_ANALYZER = NO;
				SDKROOT = iphoneos;
				USER_HEADER_SEARCH_PATHS = "";
			};
			name = Release;
		};
		1DEB922308733DC00010E9CD /* Debug */ = {
			isa = XCBuildConfiguration;
			baseConfigurationReference = 24DD6D1B1134B66800162E58 /* titanium.xcconfig */;
			buildSettings = {
				CODE_SIGN_IDENTITY = "iPhone Developer";
				"CODE_SIGN_IDENTITY[sdk=iphoneos*]" = "iPhone Developer";
				DSTROOT = /tmp/TiAdmob.dst;
				ENABLE_TESTABILITY = YES;
				GCC_C_LANGUAGE_STANDARD = c99;
				GCC_OPTIMIZATION_LEVEL = 0;
				GCC_PRECOMPILE_PREFIX_HEADER = YES;
				GCC_PREFIX_HEADER = TiAdmob_Prefix.pch;
				GCC_PREPROCESSOR_DEFINITIONS = "TI_VERSION=$(TI_VERSION)";
				GCC_TREAT_WARNINGS_AS_ERRORS = NO;
				GCC_VERSION = "";
				GCC_WARN_ABOUT_RETURN_TYPE = NO;
				GCC_WARN_MISSING_PARENTHESES = NO;
				GCC_WARN_SHADOW = NO;
				GCC_WARN_STRICT_SELECTOR_MATCH = NO;
				GCC_WARN_UNUSED_FUNCTION = YES;
				GCC_WARN_UNUSED_PARAMETER = NO;
				GCC_WARN_UNUSED_VALUE = NO;
				GCC_WARN_UNUSED_VARIABLE = NO;
				INSTALL_PATH = /usr/local/lib;
				IPHONEOS_DEPLOYMENT_TARGET = 6.0;
				ONLY_ACTIVE_ARCH = YES;
				OTHER_CFLAGS = (
					"-DDEBUG",
					"-DTI_POST_1_2",
				);
				OTHER_LDFLAGS = "-ObjC";
				PRODUCT_NAME = TiAdmob;
				PROVISIONING_PROFILE = "";
				"PROVISIONING_PROFILE[sdk=iphoneos*]" = "";
				RUN_CLANG_STATIC_ANALYZER = NO;
				SDKROOT = iphoneos;
				USER_HEADER_SEARCH_PATHS = "";
			};
			name = Debug;
		};
		1DEB922408733DC00010E9CD /* Release */ = {
			isa = XCBuildConfiguration;
			baseConfigurationReference = 24DD6D1B1134B66800162E58 /* titanium.xcconfig */;
			buildSettings = {
				ALWAYS_SEARCH_USER_PATHS = NO;
				DSTROOT = /tmp/TiAdmob.dst;
				GCC_C_LANGUAGE_STANDARD = c99;
				GCC_MODEL_TUNING = G5;
				GCC_PRECOMPILE_PREFIX_HEADER = YES;
				GCC_PREFIX_HEADER = TiAdmob_Prefix.pch;
				GCC_PREPROCESSOR_DEFINITIONS = "TI_VERSION=$(TI_VERSION)";
				GCC_TREAT_WARNINGS_AS_ERRORS = NO;
				GCC_VERSION = "";
				GCC_WARN_ABOUT_RETURN_TYPE = NO;
				GCC_WARN_MISSING_PARENTHESES = NO;
				GCC_WARN_SHADOW = NO;
				GCC_WARN_STRICT_SELECTOR_MATCH = NO;
				GCC_WARN_UNUSED_FUNCTION = YES;
				GCC_WARN_UNUSED_PARAMETER = NO;
				GCC_WARN_UNUSED_VALUE = NO;
				GCC_WARN_UNUSED_VARIABLE = NO;
				INSTALL_PATH = /usr/local/lib;
				IPHONEOS_DEPLOYMENT_TARGET = 6.0;
				OTHER_CFLAGS = "-DTI_POST_1_2";
				OTHER_LDFLAGS = "-ObjC";
				PRODUCT_NAME = TiAdmob;
				PROVISIONING_PROFILE = "";
				"PROVISIONING_PROFILE[sdk=iphoneos*]" = "";
				RUN_CLANG_STATIC_ANALYZER = NO;
				SDKROOT = iphoneos;
				USER_HEADER_SEARCH_PATHS = "";
			};
			name = Release;
		};
/* End XCBuildConfiguration section */

/* Begin XCConfigurationList section */
		1DEB921E08733DC00010E9CD /* Build configuration list for PBXNativeTarget "admob" */ = {
			isa = XCConfigurationList;
			buildConfigurations = (
				1DEB921F08733DC00010E9CD /* Debug */,
				1DEB922008733DC00010E9CD /* Release */,
			);
			defaultConfigurationIsVisible = 0;
			defaultConfigurationName = Release;
		};
		1DEB922208733DC00010E9CD /* Build configuration list for PBXProject "admob" */ = {
			isa = XCConfigurationList;
			buildConfigurations = (
				1DEB922308733DC00010E9CD /* Debug */,
				1DEB922408733DC00010E9CD /* Release */,
			);
			defaultConfigurationIsVisible = 0;
			defaultConfigurationName = Release;
		};
/* End XCConfigurationList section */
	};
	rootObject = 0867D690FE84028FC02AAC07 /* Project object */;
}
